
Microsoft Visual Studio Solution File, Format Version 12.00
# Visual Studio Version 17
VisualStudioVersion = 17.12.35209.166
MinimumVisualStudioVersion = 10.0.40219.1
Project("{FAE04EC0-301F-11D3-BF4B-00C04F79EFBC}") = "AB206GameStoreAPI.API", "AB206GameStoreAPI.API\AB206GameStoreAPI.API.csproj", "{C4721893-EE8A-4D9C-B969-49CAED490AED}"
EndProject
Project("{FAE04EC0-301F-11D3-BF4B-00C04F79EFBC}") = "AB206GameStoreAPI.BL", "AB206GameStoreAPI.BL\AB206GameStoreAPI.BL.csproj", "{5BB437BA-2289-4F50-8098-FB8A9BE2ABDD}"
EndProject
Project("{FAE04EC0-301F-11D3-BF4B-00C04F79EFBC}") = "AB206GameStoreAPI.DAL", "AB206GameStoreAPI.DAL\AB206GameStoreAPI.DAL.csproj", "{0F09683D-ED61-4A66-A3B7-BB9DED28893A}"
EndProject
Global
	GlobalSection(SolutionConfigurationPlatforms) = preSolution
		Debug|Any CPU = Debug|Any CPU
		Release|Any CPU = Release|Any CPU
	EndGlobalSection
	GlobalSection(ProjectConfigurationPlatforms) = postSolution
		{C4721893-EE8A-4D9C-B969-49CAED490AED}.Debug|Any CPU.ActiveCfg = Debug|Any CPU
		{C4721893-EE8A-4D9C-B969-49CAED490AED}.Debug|Any CPU.Build.0 = Debug|Any CPU
		{C4721893-EE8A-4D9C-B969-49CAED490AED}.Release|Any CPU.ActiveCfg = Release|Any CPU
		{C4721893-EE8A-4D9C-B969-49CAED490AED}.Release|Any CPU.Build.0 = Release|Any CPU
		{5BB437BA-2289-4F50-8098-FB8A9BE2ABDD}.Debug|Any CPU.ActiveCfg = Debug|Any CPU
		{5BB437BA-2289-4F50-8098-FB8A9BE2ABDD}.Debug|Any CPU.Build.0 = Debug|Any CPU
		{5BB437BA-2289-4F50-8098-FB8A9BE2ABDD}.Release|Any CPU.ActiveCfg = Release|Any CPU
		{5BB437BA-2289-4F50-8098-FB8A9BE2ABDD}.Release|Any CPU.Build.0 = Release|Any CPU
		{0F09683D-ED61-4A66-A3B7-BB9DED28893A}.Debug|Any CPU.ActiveCfg = Debug|Any CPU
		{0F09683D-ED61-4A66-A3B7-BB9DED28893A}.Debug|Any CPU.Build.0 = Debug|Any CPU
		{0F09683D-ED61-4A66-A3B7-BB9DED28893A}.Release|Any CPU.ActiveCfg = Release|Any CPU
		{0F09683D-ED61-4A66-A3B7-BB9DED28893A}.Release|Any CPU.Build.0 = Release|Any CPU
	EndGlobalSection
	GlobalSection(SolutionProperties) = preSolution
		HideSolutionNode = FALSE
	EndGlobalSection
	GlobalSection(ExtensibilityGlobals) = postSolution
		SolutionGuid = {C46F3037-86A3-4150-ADA0-0A27059EF4D4}
	EndGlobalSection
EndGlobal
